# This file is automatically @generated by Cargo.
# It is not intended for manual editing.
version = 4

[[package]]
name = "Final"
version = "0.1.0"
dependencies = [
 "diff",
]

[[package]]
name = "borrowed_lcs"
version = "0.1.0"

[[package]]
name = "diff"
version = "0.1.0"
dependencies = [
 "borrowed_lcs",
 "lcs",
]

[[package]]
name = "lcs"
version = "0.1.0"
